
Microsoft Visual Studio Solution File, Format Version 12.00
# Visual Studio Version 17
VisualStudioVersion = 17.7.34018.315
MinimumVisualStudioVersion = 10.0.40219.1
Project("{FAE04EC0-301F-11D3-BF4B-00C04F79EFBC}") = "assign4", "assign4\assign4.csproj", "{A81857A2-E6F4-4B37-9112-BE498711BF9D}"
EndProject
Global
	GlobalSection(SolutionConfigurationPlatforms) = preSolution
		Debug|Any CPU = Debug|Any CPU
		Release|Any CPU = Release|Any CPU
	EndGlobalSection
	GlobalSection(ProjectConfigurationPlatforms) = postSolution
		{A81857A2-E6F4-4B37-9112-BE498711BF9D}.Debug|Any CPU.ActiveCfg = Debug|Any CPU
		{A81857A2-E6F4-4B37-9112-BE498711BF9D}.Debug|Any CPU.Build.0 = Debug|Any CPU
		{A81857A2-E6F4-4B37-9112-BE498711BF9D}.Release|Any CPU.ActiveCfg = Release|Any CPU
		{A81857A2-E6F4-4B37-9112-BE498711BF9D}.Release|Any CPU.Build.0 = Release|Any CPU
	EndGlobalSection
	GlobalSection(SolutionProperties) = preSolution
		HideSolutionNode = FALSE
	EndGlobalSection
	GlobalSection(ExtensibilityGlobals) = postSolution
		SolutionGuid = {9D6CD8E6-C450-486E-AE8C-081D5CF22116}
	EndGlobalSection
EndGlobal
